// !$*UTF8*$!
{
	archiveVersion = 1;
	classes = {
	};
	objectVersion = 56;
	objects = {

/* Begin PBXBuildFile section */
		5800A87F29A34CD600F71125 /* Utilities.swift in Sources */ = {isa = PBXBuildFile; fileRef = 5800A87E29A34CD600F71125 /* Utilities.swift */; };
		58041AAA29A30CE800BF177F /* LoginController.swift in Sources */ = {isa = PBXBuildFile; fileRef = 58041AA929A30CE800BF177F /* LoginController.swift */; };
		58041AAC29A30D4800BF177F /* RegistraitionController.swift in Sources */ = {isa = PBXBuildFile; fileRef = 58041AAB29A30D4800BF177F /* RegistraitionController.swift */; };
		58C92D73299F63E700BBE566 /* AppDelegate.swift in Sources */ = {isa = PBXBuildFile; fileRef = 58C92D72299F63E700BBE566 /* AppDelegate.swift */; };
		58C92D75299F63E700BBE566 /* SceneDelegate.swift in Sources */ = {isa = PBXBuildFile; fileRef = 58C92D74299F63E700BBE566 /* SceneDelegate.swift */; };
		58C92D7A299F63E700BBE566 /* Main.storyboard in Resources */ = {isa = PBXBuildFile; fileRef = 58C92D78299F63E700BBE566 /* Main.storyboard */; };
		58C92D7C299F63E800BBE566 /* Assets.xcassets in Resources */ = {isa = PBXBuildFile; fileRef = 58C92D7B299F63E800BBE566 /* Assets.xcassets */; };
		58C92D7F299F63E800BBE566 /* LaunchScreen.storyboard in Resources */ = {isa = PBXBuildFile; fileRef = 58C92D7D299F63E800BBE566 /* LaunchScreen.storyboard */; };
		58C92D8F299F64F600BBE566 /* MainTabController.swift in Sources */ = {isa = PBXBuildFile; fileRef = 58C92D8E299F64F600BBE566 /* MainTabController.swift */; };
		58C92D91299F66B400BBE566 /* FeedController.swift in Sources */ = {isa = PBXBuildFile; fileRef = 58C92D90299F66B400BBE566 /* FeedController.swift */; };
		58C92D93299F66F300BBE566 /* ExploreController.swift in Sources */ = {isa = PBXBuildFile; fileRef = 58C92D92299F66F300BBE566 /* ExploreController.swift */; };
		58C92D95299F670100BBE566 /* NotificationController.swift in Sources */ = {isa = PBXBuildFile; fileRef = 58C92D94299F670100BBE566 /* NotificationController.swift */; };
		58C92D97299F671100BBE566 /* ConversationController.swift in Sources */ = {isa = PBXBuildFile; fileRef = 58C92D96299F671100BBE566 /* ConversationController.swift */; };
		58C92D99299F77E600BBE566 /* Extensions.swift in Sources */ = {isa = PBXBuildFile; fileRef = 58C92D98299F77E600BBE566 /* Extensions.swift */; };
/* End PBXBuildFile section */

/* Begin PBXFileReference section */
		5800A87E29A34CD600F71125 /* Utilities.swift */ = {isa = PBXFileReference; lastKnownFileType = sourcecode.swift; path = Utilities.swift; sourceTree = "<group>"; };
		58041AA929A30CE800BF177F /* LoginController.swift */ = {isa = PBXFileReference; lastKnownFileType = sourcecode.swift; path = LoginController.swift; sourceTree = "<group>"; };
		58041AAB29A30D4800BF177F /* RegistraitionController.swift */ = {isa = PBXFileReference; lastKnownFileType = sourcecode.swift; path = RegistraitionController.swift; sourceTree = "<group>"; };
		58C92D6F299F63E700BBE566 /* TwitterClone.app */ = {isa = PBXFileReference; explicitFileType = wrapper.application; includeInIndex = 0; path = TwitterClone.app; sourceTree = BUILT_PRODUCTS_DIR; };
		58C92D72299F63E700BBE566 /* AppDelegate.swift */ = {isa = PBXFileReference; lastKnownFileType = sourcecode.swift; path = AppDelegate.swift; sourceTree = "<group>"; };
		58C92D74299F63E700BBE566 /* SceneDelegate.swift */ = {isa = PBXFileReference; lastKnownFileType = sourcecode.swift; path = SceneDelegate.swift; sourceTree = "<group>"; };
		58C92D79299F63E700BBE566 /* Base */ = {isa = PBXFileReference; lastKnownFileType = file.storyboard; name = Base; path = Base.lproj/Main.storyboard; sourceTree = "<group>"; };
		58C92D7B299F63E800BBE566 /* Assets.xcassets */ = {isa = PBXFileReference; lastKnownFileType = folder.assetcatalog; path = Assets.xcassets; sourceTree = "<group>"; };
		58C92D7E299F63E800BBE566 /* Base */ = {isa = PBXFileReference; lastKnownFileType = file.storyboard; name = Base; path = Base.lproj/LaunchScreen.storyboard; sourceTree = "<group>"; };
		58C92D80299F63E800BBE566 /* Info.plist */ = {isa = PBXFileReference; lastKnownFileType = text.plist.xml; path = Info.plist; sourceTree = "<group>"; };
		58C92D8E299F64F600BBE566 /* MainTabController.swift */ = {isa = PBXFileReference; lastKnownFileType = sourcecode.swift; path = MainTabController.swift; sourceTree = "<group>"; };
		58C92D90299F66B400BBE566 /* FeedController.swift */ = {isa = PBXFileReference; lastKnownFileType = sourcecode.swift; path = FeedController.swift; sourceTree = "<group>"; };
		58C92D92299F66F300BBE566 /* ExploreController.swift */ = {isa = PBXFileReference; lastKnownFileType = sourcecode.swift; path = ExploreController.swift; sourceTree = "<group>"; };
		58C92D94299F670100BBE566 /* NotificationController.swift */ = {isa = PBXFileReference; lastKnownFileType = sourcecode.swift; path = NotificationController.swift; sourceTree = "<group>"; };
		58C92D96299F671100BBE566 /* ConversationController.swift */ = {isa = PBXFileReference; lastKnownFileType = sourcecode.swift; path = ConversationController.swift; sourceTree = "<group>"; };
		58C92D98299F77E600BBE566 /* Extensions.swift */ = {isa = PBXFileReference; lastKnownFileType = sourcecode.swift; path = Extensions.swift; sourceTree = "<group>"; };
/* End PBXFileReference section */

/* Begin PBXFrameworksBuildPhase section */
		58C92D6C299F63E700BBE566 /* Frameworks */ = {
			isa = PBXFrameworksBuildPhase;
			buildActionMask = 2147483647;
			files = (
			);
			runOnlyForDeploymentPostprocessing = 0;
		};
/* End PBXFrameworksBuildPhase section */

/* Begin PBXGroup section */
		58041AA829A30CD100BF177F /* Authentication */ = {
			isa = PBXGroup;
			children = (
				58041AA929A30CE800BF177F /* LoginController.swift */,
				58041AAB29A30D4800BF177F /* RegistraitionController.swift */,
			);
			path = Authentication;
			sourceTree = "<group>";
		};
		58C92D66299F63E700BBE566 = {
			isa = PBXGroup;
			children = (
				58C92D71299F63E700BBE566 /* TwitterClone */,
				58C92D70299F63E700BBE566 /* Products */,
			);
			sourceTree = "<group>";
		};
		58C92D70299F63E700BBE566 /* Products */ = {
			isa = PBXGroup;
			children = (
				58C92D6F299F63E700BBE566 /* TwitterClone.app */,
			);
			name = Products;
			sourceTree = "<group>";
		};
		58C92D71299F63E700BBE566 /* TwitterClone */ = {
			isa = PBXGroup;
			children = (
				58C92D8B299F643200BBE566 /* Model */,
				58C92D8A299F642F00BBE566 /* View */,
				58C92D89299F642C00BBE566 /* ViewModel */,
				58C92D88299F642900BBE566 /* Controller */,
				58C92D87299F642600BBE566 /* API */,
				58C92D86299F641800BBE566 /* Utils */,
				58C92D72299F63E700BBE566 /* AppDelegate.swift */,
				58C92D74299F63E700BBE566 /* SceneDelegate.swift */,
				58C92D78299F63E700BBE566 /* Main.storyboard */,
				58C92D7B299F63E800BBE566 /* Assets.xcassets */,
				58C92D7D299F63E800BBE566 /* LaunchScreen.storyboard */,
				58C92D80299F63E800BBE566 /* Info.plist */,
			);
			path = TwitterClone;
			sourceTree = "<group>";
		};
		58C92D86299F641800BBE566 /* Utils */ = {
			isa = PBXGroup;
			children = (
				58C92D98299F77E600BBE566 /* Extensions.swift */,
				5800A87E29A34CD600F71125 /* Utilities.swift */,
			);
			path = Utils;
			sourceTree = "<group>";
		};
		58C92D87299F642600BBE566 /* API */ = {
			isa = PBXGroup;
			children = (
			);
			path = API;
			sourceTree = "<group>";
		};
		58C92D88299F642900BBE566 /* Controller */ = {
			isa = PBXGroup;
			children = (
				58041AA829A30CD100BF177F /* Authentication */,
				58C92D8E299F64F600BBE566 /* MainTabController.swift */,
				58C92D90299F66B400BBE566 /* FeedController.swift */,
				58C92D92299F66F300BBE566 /* ExploreController.swift */,
				58C92D94299F670100BBE566 /* NotificationController.swift */,
				58C92D96299F671100BBE566 /* ConversationController.swift */,
			);
			path = Controller;
			sourceTree = "<group>";
		};
		58C92D89299F642C00BBE566 /* ViewModel */ = {
			isa = PBXGroup;
			children = (
			);
			path = ViewModel;
			sourceTree = "<group>";
		};
		58C92D8A299F642F00BBE566 /* View */ = {
			isa = PBXGroup;
			children = (
			);
			path = View;
			sourceTree = "<group>";
		};
		58C92D8B299F643200BBE566 /* Model */ = {
			isa = PBXGroup;
			children = (
			);
			path = Model;
			sourceTree = "<group>";
		};
/* End PBXGroup section */

/* Begin PBXNativeTarget section */
		58C92D6E299F63E700BBE566 /* TwitterClone */ = {
			isa = PBXNativeTarget;
			buildConfigurationList = 58C92D83299F63E800BBE566 /* Build configuration list for PBXNativeTarget "TwitterClone" */;
			buildPhases = (
				58C92D6B299F63E700BBE566 /* Sources */,
				58C92D6C299F63E700BBE566 /* Frameworks */,
				58C92D6D299F63E700BBE566 /* Resources */,
			);
			buildRules = (
			);
			dependencies = (
			);
			name = TwitterClone;
			productName = TwitterClone;
			productReference = 58C92D6F299F63E700BBE566 /* TwitterClone.app */;
			productType = "com.apple.product-type.application";
		};
/* End PBXNativeTarget section */

/* Begin PBXProject section */
		58C92D67299F63E700BBE566 /* Project object */ = {
			isa = PBXProject;
			attributes = {
				BuildIndependentTargetsInParallel = 1;
				LastSwiftUpdateCheck = 1420;
				LastUpgradeCheck = 1420;
				TargetAttributes = {
					58C92D6E299F63E700BBE566 = {
						CreatedOnToolsVersion = 14.2;
					};
				};
			};
			buildConfigurationList = 58C92D6A299F63E700BBE566 /* Build configuration list for PBXProject "TwitterClone" */;
			compatibilityVersion = "Xcode 14.0";
			developmentRegion = en;
			hasScannedForEncodings = 0;
			knownRegions = (
				en,
				Base,
			);
			mainGroup = 58C92D66299F63E700BBE566;
			productRefGroup = 58C92D70299F63E700BBE566 /* Products */;
			projectDirPath = "";
			projectRoot = "";
			targets = (
				58C92D6E299F63E700BBE566 /* TwitterClone */,
			);
		};
/* End PBXProject section */

/* Begin PBXResourcesBuildPhase section */
		58C92D6D299F63E700BBE566 /* Resources */ = {
			isa = PBXResourcesBuildPhase;
			buildActionMask = 2147483647;
			files = (
				58C92D7F299F63E800BBE566 /* LaunchScreen.storyboard in Resources */,
				58C92D7C299F63E800BBE566 /* Assets.xcassets in Resources */,
				58C92D7A299F63E700BBE566 /* Main.storyboard in Resources */,
			);
			runOnlyForDeploymentPostprocessing = 0;
		};
/* End PBXResourcesBuildPhase section */

/* Begin PBXSourcesBuildPhase section */
		58C92D6B299F63E700BBE566 /* Sources */ = {
			isa = PBXSourcesBuildPhase;
			buildActionMask = 2147483647;
			files = (
				58C92D95299F670100BBE566 /* NotificationController.swift in Sources */,
				58C92D73299F63E700BBE566 /* AppDelegate.swift in Sources */,
				5800A87F29A34CD600F71125 /* Utilities.swift in Sources */,
				58C92D93299F66F300BBE566 /* ExploreController.swift in Sources */,
				58C92D99299F77E600BBE566 /* Extensions.swift in Sources */,
				58041AAA29A30CE800BF177F /* LoginController.swift in Sources */,
				58C92D75299F63E700BBE566 /* SceneDelegate.swift in Sources */,
				58C92D8F299F64F600BBE566 /* MainTabController.swift in Sources */,
				58C92D97299F671100BBE566 /* ConversationController.swift in Sources */,
				58041AAC29A30D4800BF177F /* RegistraitionController.swift in Sources */,
				58C92D91299F66B400BBE566 /* FeedController.swift in Sources */,
			);
			runOnlyForDeploymentPostprocessing = 0;
		};
/* End PBXSourcesBuildPhase section */

/* Begin PBXVariantGroup section */
		58C92D78299F63E700BBE566 /* Main.storyboard */ = {
			isa = PBXVariantGroup;
			children = (
				58C92D79299F63E700BBE566 /* Base */,
			);
			name = Main.storyboard;
			sourceTree = "<group>";
		};
		58C92D7D299F63E800BBE566 /* LaunchScreen.storyboard */ = {
			isa = PBXVariantGroup;
			children = (
				58C92D7E299F63E800BBE566 /* Base */,
			);
			name = LaunchScreen.storyboard;
			sourceTree = "<group>";
		};
/* End PBXVariantGroup section */

/* Begin XCBuildConfiguration section */
		58C92D81299F63E800BBE566 /* Debug */ = {
			isa = XCBuildConfiguration;
			buildSettings = {
				ALWAYS_SEARCH_USER_PATHS = NO;
				CLANG_ANALYZER_NONNULL = YES;
				CLANG_ANALYZER_NUMBER_OBJECT_CONVERSION = YES_AGGRESSIVE;
				CLANG_CXX_LANGUAGE_STANDARD = "gnu++20";
				CLANG_ENABLE_MODULES = YES;
				CLANG_ENABLE_OBJC_ARC = YES;
				CLANG_ENABLE_OBJC_WEAK = YES;
				CLANG_WARN_BLOCK_CAPTURE_AUTORELEASING = YES;
				CLANG_WARN_BOOL_CONVERSION = YES;
				CLANG_WARN_COMMA = YES;
				CLANG_WARN_CONSTANT_CONVERSION = YES;
				CLANG_WARN_DEPRECATED_OBJC_IMPLEMENTATIONS = YES;
				CLANG_WARN_DIRECT_OBJC_ISA_USAGE = YES_ERROR;
				CLANG_WARN_DOCUMENTATION_COMMENTS = YES;
				CLANG_WARN_EMPTY_BODY = YES;
				CLANG_WARN_ENUM_CONVERSION = YES;
				CLANG_WARN_INFINITE_RECURSION = YES;
				CLANG_WARN_INT_CONVERSION = YES;
				CLANG_WARN_NON_LITERAL_NULL_CONVERSION = YES;
				CLANG_WARN_OBJC_IMPLICIT_RETAIN_SELF = YES;
				CLANG_WARN_OBJC_LITERAL_CONVERSION = YES;
				CLANG_WARN_OBJC_ROOT_CLASS = YES_ERROR;
				CLANG_WARN_QUOTED_INCLUDE_IN_FRAMEWORK_HEADER = YES;
				CLANG_WARN_RANGE_LOOP_ANALYSIS = YES;
				CLANG_WARN_STRICT_PROTOTYPES = YES;
				CLANG_WARN_SUSPICIOUS_MOVE = YES;
				CLANG_WARN_UNGUARDED_AVAILABILITY = YES_AGGRESSIVE;
				CLANG_WARN_UNREACHABLE_CODE = YES;
				CLANG_WARN__DUPLICATE_METHOD_MATCH = YES;
				COPY_PHASE_STRIP = NO;
				DEBUG_INFORMATION_FORMAT = dwarf;
				ENABLE_STRICT_OBJC_MSGSEND = YES;
				ENABLE_TESTABILITY = YES;
				GCC_C_LANGUAGE_STANDARD = gnu11;
				GCC_DYNAMIC_NO_PIC = NO;
				GCC_NO_COMMON_BLOCKS = YES;
				GCC_OPTIMIZATION_LEVEL = 0;
				GCC_PREPROCESSOR_DEFINITIONS = (
					"DEBUG=1",
					"$(inherited)",
				);
				GCC_WARN_64_TO_32_BIT_CONVERSION = YES;
				GCC_WARN_ABOUT_RETURN_TYPE = YES_ERROR;
				GCC_WARN_UNDECLARED_SELECTOR = YES;
				GCC_WARN_UNINITIALIZED_AUTOS = YES_AGGRESSIVE;
				GCC_WARN_UNUSED_FUNCTION = YES;
				GCC_WARN_UNUSED_VARIABLE = YES;
				IPHONEOS_DEPLOYMENT_TARGET = 16.2;
				MTL_ENABLE_DEBUG_INFO = INCLUDE_SOURCE;
				MTL_FAST_MATH = YES;
				ONLY_ACTIVE_ARCH = YES;
				SDKROOT = iphoneos;
				SWIFT_ACTIVE_COMPILATION_CONDITIONS = DEBUG;
				SWIFT_OPTIMIZATION_LEVEL = "-Onone";
			};
			name = Debug;
		};
		58C92D82299F63E800BBE566 /* Release */ = {
			isa = XCBuildConfiguration;
			buildSettings = {
				ALWAYS_SEARCH_USER_PATHS = NO;
				CLANG_ANALYZER_NONNULL = YES;
				CLANG_ANALYZER_NUMBER_OBJECT_CONVERSION = YES_AGGRESSIVE;
				CLANG_CXX_LANGUAGE_STANDARD = "gnu++20";
				CLANG_ENABLE_MODULES = YES;
				CLANG_ENABLE_OBJC_ARC = YES;
				CLANG_ENABLE_OBJC_WEAK = YES;
				CLANG_WARN_BLOCK_CAPTURE_AUTORELEASING = YES;
				CLANG_WARN_BOOL_CONVERSION = YES;
				CLANG_WARN_COMMA = YES;
				CLANG_WARN_CONSTANT_CONVERSION = YES;
				CLANG_WARN_DEPRECATED_OBJC_IMPLEMENTATIONS = YES;
				CLANG_WARN_DIRECT_OBJC_ISA_USAGE = YES_ERROR;
				CLANG_WARN_DOCUMENTATION_COMMENTS = YES;
				CLANG_WARN_EMPTY_BODY = YES;
				CLANG_WARN_ENUM_CONVERSION = YES;
				CLANG_WARN_INFINITE_RECURSION = YES;
				CLANG_WARN_INT_CONVERSION = YES;
				CLANG_WARN_NON_LITERAL_NULL_CONVERSION = YES;
				CLANG_WARN_OBJC_IMPLICIT_RETAIN_SELF = YES;
				CLANG_WARN_OBJC_LITERAL_CONVERSION = YES;
				CLANG_WARN_OBJC_ROOT_CLASS = YES_ERROR;
				CLANG_WARN_QUOTED_INCLUDE_IN_FRAMEWORK_HEADER = YES;
				CLANG_WARN_RANGE_LOOP_ANALYSIS = YES;
				CLANG_WARN_STRICT_PROTOTYPES = YES;
				CLANG_WARN_SUSPICIOUS_MOVE = YES;
				CLANG_WARN_UNGUARDED_AVAILABILITY = YES_AGGRESSIVE;
				CLANG_WARN_UNREACHABLE_CODE = YES;
				CLANG_WARN__DUPLICATE_METHOD_MATCH = YES;
				COPY_PHASE_STRIP = NO;
				DEBUG_INFORMATION_FORMAT = "dwarf-with-dsym";
				ENABLE_NS_ASSERTIONS = NO;
				ENABLE_STRICT_OBJC_MSGSEND = YES;
				GCC_C_LANGUAGE_STANDARD = gnu11;
				GCC_NO_COMMON_BLOCKS = YES;
				GCC_WARN_64_TO_32_BIT_CONVERSION = YES;
				GCC_WARN_ABOUT_RETURN_TYPE = YES_ERROR;
				GCC_WARN_UNDECLARED_SELECTOR = YES;
				GCC_WARN_UNINITIALIZED_AUTOS = YES_AGGRESSIVE;
				GCC_WARN_UNUSED_FUNCTION = YES;
				GCC_WARN_UNUSED_VARIABLE = YES;
				IPHONEOS_DEPLOYMENT_TARGET = 16.2;
				MTL_ENABLE_DEBUG_INFO = NO;
				MTL_FAST_MATH = YES;
				SDKROOT = iphoneos;
				SWIFT_COMPILATION_MODE = wholemodule;
				SWIFT_OPTIMIZATION_LEVEL = "-O";
				VALIDATE_PRODUCT = YES;
			};
			name = Release;
		};
		58C92D84299F63E800BBE566 /* Debug */ = {
			isa = XCBuildConfiguration;
			buildSettings = {
				ASSETCATALOG_COMPILER_APPICON_NAME = AppIcon;
				ASSETCATALOG_COMPILER_GLOBAL_ACCENT_COLOR_NAME = AccentColor;
				CODE_SIGN_STYLE = Automatic;
				CURRENT_PROJECT_VERSION = 1;
				DEVELOPMENT_TEAM = B84Q5QFST2;
				GENERATE_INFOPLIST_FILE = YES;
				INFOPLIST_FILE = TwitterClone/Info.plist;
				INFOPLIST_KEY_UIApplicationSupportsIndirectInputEvents = YES;
				INFOPLIST_KEY_UILaunchStoryboardName = LaunchScreen;
				INFOPLIST_KEY_UIMainStoryboardFile = Main;
				INFOPLIST_KEY_UISupportedInterfaceOrientations_iPad = "UIInterfaceOrientationPortrait UIInterfaceOrientationPortraitUpsideDown UIInterfaceOrientationLandscapeLeft UIInterfaceOrientationLandscapeRight";
				INFOPLIST_KEY_UISupportedInterfaceOrientations_iPhone = "UIInterfaceOrientationPortrait UIInterfaceOrientationLandscapeLeft UIInterfaceOrientationLandscapeRight";
				LD_RUNPATH_SEARCH_PATHS = (
					"$(inherited)",
					"@executable_path/Frameworks",
				);
				MARKETING_VERSION = 1.0;
				PRODUCT_BUNDLE_IDENTIFIER = "com.twitterColon-Kimminjong.www.TwitterClone";
				PRODUCT_NAME = "$(TARGET_NAME)";
				SWIFT_EMIT_LOC_STRINGS = YES;
				SWIFT_VERSION = 5.0;
				TARGETED_DEVICE_FAMILY = "1,2";
			};
			name = Debug;
		};
		58C92D85299F63E800BBE566 /* Release */ = {
			isa = XCBuildConfiguration;
			buildSettings = {
				ASSETCATALOG_COMPILER_APPICON_NAME = AppIcon;
				ASSETCATALOG_COMPILER_GLOBAL_ACCENT_COLOR_NAME = AccentColor;
				CODE_SIGN_STYLE = Automatic;
				CURRENT_PROJECT_VERSION = 1;
				DEVELOPMENT_TEAM = B84Q5QFST2;
				GENERATE_INFOPLIST_FILE = YES;
				INFOPLIST_FILE = TwitterClone/Info.plist;
				INFOPLIST_KEY_UIApplicationSupportsIndirectInputEvents = YES;
				INFOPLIST_KEY_UILaunchStoryboardName = LaunchScreen;
				INFOPLIST_KEY_UIMainStoryboardFile = Main;
				INFOPLIST_KEY_UISupportedInterfaceOrientations_iPad = "UIInterfaceOrientationPortrait UIInterfaceOrientationPortraitUpsideDown UIInterfaceOrientationLandscapeLeft UIInterfaceOrientationLandscapeRight";
				INFOPLIST_KEY_UISupportedInterfaceOrientations_iPhone = "UIInterfaceOrientationPortrait UIInterfaceOrientationLandscapeLeft UIInterfaceOrientationLandscapeRight";
				LD_RUNPATH_SEARCH_PATHS = (
					"$(inherited)",
					"@executable_path/Frameworks",
				);
				MARKETING_VERSION = 1.0;
				PRODUCT_BUNDLE_IDENTIFIER = "com.twitterColon-Kimminjong.www.TwitterClone";
				PRODUCT_NAME = "$(TARGET_NAME)";
				SWIFT_EMIT_LOC_STRINGS = YES;
				SWIFT_VERSION = 5.0;
				TARGETED_DEVICE_FAMILY = "1,2";
			};
			name = Release;
		};
/* End XCBuildConfiguration section */

/* Begin XCConfigurationList section */
		58C92D6A299F63E700BBE566 /* Build configuration list for PBXProject "TwitterClone" */ = {
			isa = XCConfigurationList;
			buildConfigurations = (
				58C92D81299F63E800BBE566 /* Debug */,
				58C92D82299F63E800BBE566 /* Release */,
			);
			defaultConfigurationIsVisible = 0;
			defaultConfigurationName = Release;
		};
		58C92D83299F63E800BBE566 /* Build configuration list for PBXNativeTarget "TwitterClone" */ = {
			isa = XCConfigurationList;
			buildConfigurations = (
				58C92D84299F63E800BBE566 /* Debug */,
				58C92D85299F63E800BBE566 /* Release */,
			);
			defaultConfigurationIsVisible = 0;
			defaultConfigurationName = Release;
		};
/* End XCConfigurationList section */
	};
	rootObject = 58C92D67299F63E700BBE566 /* Project object */;
}
